
Microsoft Visual Studio Solution File, Format Version 12.00
# Visual Studio Version 17
VisualStudioVersion = 17.3.32804.467
MinimumVisualStudioVersion = 10.0.40219.1
Project("{FAE04EC0-301F-11D3-BF4B-00C04F79EFBC}") = "ReviewProblem2", "ReviewProblem2.csproj", "{1267C407-8F50-4BA5-AB00-BF629EEFB242}"
EndProject
Global
	GlobalSection(SolutionConfigurationPlatforms) = preSolution
		Debug|Any CPU = Debug|Any CPU
		Release|Any CPU = Release|Any CPU
	EndGlobalSection
	GlobalSection(ProjectConfigurationPlatforms) = postSolution
		{1267C407-8F50-4BA5-AB00-BF629EEFB242}.Debug|Any CPU.ActiveCfg = Debug|Any CPU
		{1267C407-8F50-4BA5-AB00-BF629EEFB242}.Debug|Any CPU.Build.0 = Debug|Any CPU
		{1267C407-8F50-4BA5-AB00-BF629EEFB242}.Release|Any CPU.ActiveCfg = Release|Any CPU
		{1267C407-8F50-4BA5-AB00-BF629EEFB242}.Release|Any CPU.Build.0 = Release|Any CPU
	EndGlobalSection
	GlobalSection(SolutionProperties) = preSolution
		HideSolutionNode = FALSE
	EndGlobalSection
	GlobalSection(ExtensibilityGlobals) = postSolution
		SolutionGuid = {26621374-52C1-4889-8CE4-2180BDA9478E}
	EndGlobalSection
EndGlobal
